
Microsoft Visual Studio Solution File, Format Version 12.00
# Visual Studio Version 17
VisualStudioVersion = 17.5.33516.290
MinimumVisualStudioVersion = 10.0.40219.1
Project("{9A19103F-16F7-4668-BE54-9A1E7A4F7556}") = "AgendaContatos", "AgendaContatos.csproj", "{104F2250-911A-42A7-9C03-3ED6C2251BD2}"
EndProject
Global
	GlobalSection(SolutionConfigurationPlatforms) = preSolution
		Debug|Any CPU = Debug|Any CPU
		Release|Any CPU = Release|Any CPU
	EndGlobalSection
	GlobalSection(ProjectConfigurationPlatforms) = postSolution
		{104F2250-911A-42A7-9C03-3ED6C2251BD2}.Debug|Any CPU.ActiveCfg = Debug|Any CPU
		{104F2250-911A-42A7-9C03-3ED6C2251BD2}.Debug|Any CPU.Build.0 = Debug|Any CPU
		{104F2250-911A-42A7-9C03-3ED6C2251BD2}.Release|Any CPU.ActiveCfg = Release|Any CPU
		{104F2250-911A-42A7-9C03-3ED6C2251BD2}.Release|Any CPU.Build.0 = Release|Any CPU
	EndGlobalSection
	GlobalSection(SolutionProperties) = preSolution
		HideSolutionNode = FALSE
	EndGlobalSection
	GlobalSection(ExtensibilityGlobals) = postSolution
		SolutionGuid = {5E485A87-C1F6-4B3F-A314-1921AC65359D}
	EndGlobalSection
EndGlobal
